PODS:
  - Action (5.0.0):
    - RxCocoa (~> 6.0)
    - RxSwift (~> 6.0)
  - Differentiator (5.0.0)
  - Gifu (3.3.1)
  - Hue (5.0.0)
  - Kingfisher (7.1.1)
  - Nimble (9.2.1)
  - "NSObject+Rx (5.2.2)":
    - RxSwift (~> 6.2)
  - OHHTTPStubs (9.1.0):
    - OHHTTPStubs/Default (= 9.1.0)
  - OHHTTPStubs/Core (9.1.0)
  - OHHTTPStubs/Default (9.1.0):
    - OHHTTPStubs/Core
    - OHHTTPStubs/JSON
    - OHHTTPStubs/NSURLSession
    - OHHTTPStubs/OHPathHelpers
  - OHHTTPStubs/JSON (9.1.0):
    - OHHTTPStubs/Core
  - OHHTTPStubs/NSURLSession (9.1.0):
    - OHHTTPStubs/Core
  - OHHTTPStubs/OHPathHelpers (9.1.0)
  - OHHTTPStubs/Swift (9.1.0):
    - OHHTTPStubs/Default
  - Realm (10.18.0):
    - Realm/Headers (= 10.18.0)
  - Realm/Headers (10.18.0)
  - RealmSwift (10.18.0):
    - Realm (= 10.18.0)
  - RxBlocking (6.2.0):
    - RxSwift (= 6.2.0)
  - RxCocoa (6.2.0):
    - RxRelay (= 6.2.0)
    - RxSwift (= 6.2.0)
  - RxDataSources (5.0.0):
    - Differentiator (~> 5.0)
    - RxCocoa (~> 6.0)
    - RxSwift (~> 6.0)
  - RxNimble (5.1.2):
    - RxNimble/RxBlocking (= 5.1.2)
  - RxNimble/Core (5.1.2):
    - Nimble (~> 9.2)
    - RxSwift (~> 6.0)
  - RxNimble/RxBlocking (5.1.2):
    - RxBlocking
    - RxNimble/Core
  - RxRealm (5.0.3):
    - Realm (~> 10.7)
    - RealmSwift (~> 10.7)
    - RxCocoa (~> 6.0)
    - RxSwift (~> 6.0)
  - RxRelay (6.2.0):
    - RxSwift (= 6.2.0)
  - RxSwift (6.2.0)
  - RxTest (6.2.0):
    - RxSwift (= 6.2.0)
  - SwiftyJSON (5.0.1)

DEPENDENCIES:
  - Action
  - Gifu
  - Hue
  - Kingfisher
  - Nimble
  - "NSObject+Rx"
  - OHHTTPStubs
  - OHHTTPStubs/Swift
  - RealmSwift
  - RxBlocking (= 6.2.0)
  - RxCocoa (= 6.2.0)
  - RxDataSources
  - RxNimble
  - RxRealm
  - RxSwift (= 6.2.0)
  - RxTest (= 6.2.0)
  - SwiftyJSON

SPEC REPOS:
  trunk:
    - Action
    - Differentiator
    - Gifu
    - Hue
    - Kingfisher
    - Nimble
    - "NSObject+Rx"
    - OHHTTPStubs
    - Realm
    - RealmSwift
    - RxBlocking
    - RxCocoa
    - RxDataSources
    - RxNimble
    - RxRealm
    - RxRelay
    - RxSwift
    - RxTest
    - SwiftyJSON

SPEC CHECKSUMS:
  Action: 47f1825511907b4fcd79dd7a7db9526c20f78018
  Differentiator: e8497ceab83c1b10ca233716d547b9af21b9344d
  Gifu: 416d4e38c4c2fed012f019e0a1d3ffcb58e5b842
  Hue: c129cb67be7d093a82bbbc30ce8a96757bf6f37a
  Kingfisher: f738f9c4a3415823b8e2985d10aa2d6a9f37bc4d
  Nimble: e7e615c0335ee4bf5b0d786685451e62746117d5
  "NSObject+Rx": 61cf1f7306a73dcef8b36649198af0813ec18dfd
  OHHTTPStubs: 90eac6d8f2c18317baeca36698523dc67c513831
  Realm: b8b0a36bf48c39c50fd8cee7ac34005e6d887ddd
  RealmSwift: fe2f33d731f47aaf4c3618930f9f7cf7b935c33f
  RxBlocking: 0b29f7d2079109a8de49c411381bed7c33ef1eeb
  RxCocoa: 4baf94bb35f2c0ab31bc0cb9f1900155f646ba42
  RxDataSources: aa47cc1ed6c500fa0dfecac5c979b723542d79cf
  RxNimble: 60c8162b1518306a11d0c272a65ade133b209670
  RxRealm: d9fedf16e3ead54b0be2077d2ff4a1b2dc27be39
  RxRelay: e72dbfd157807478401ef1982e1c61c945c94b2f
  RxSwift: d356ab7bee873611322f134c5f9ef379fa183d8f
  RxTest: 0c692fa672b694373ba86d2b00033595297a2831
  SwiftyJSON: 2f33a42c6fbc52764d96f13368585094bfd8aa5e

PODFILE CHECKSUM: 3b1519fd06e9aeeed6d485a2aa7582f07e60cec5

COCOAPODS: 1.11.2
